{
    "_readme": [
        "This file locks the dependencies of your project to a known state",
        "Read more about it at https://getcomposer.org/doc/01-basic-usage.md#installing-dependencies",
        "This file is @generated automatically"
    ],
    "content-hash": "9281ff29115cb1d2c755961305fbc859",
    "packages": [
        {
            "name": "doctrine/instantiator",
            "version": "1.5.0",
            "source": {
                "type": "git",
                "url": "https://github.com/doctrine/instantiator.git",
                "reference": "0a0fa9780f5d4e507415a065172d26a98d02047b"
            },
            "dist": {
                "type": "zip",
                "url": "https://api.github.com/repos/doctrine/instantiator/zipball/0a0fa9780f5d4e507415a065172d26a98d02047b",
                "reference": "0a0fa9780f5d4e507415a065172d26a98d02047b",
                "shasum": ""
            },
            "require": {
                "php": "^7.1 || ^8.0"
            },
            "require-dev": {
                "doctrine/coding-standard": "^9 || ^11",
                "ext-pdo": "*",
                "ext-phar": "*",
                "phpbench/phpbench": "^0.16 || ^1",
                "phpstan/phpstan": "^1.4",
                "phpstan/phpstan-phpunit": "^1",
                "phpunit/phpunit": "^7.5 || ^8.5 || ^9.5",
                "vimeo/psalm": "^4.30 || ^5.4"
            },
            "type": "library",
            "autoload": {
                "psr-4": {
                    "Doctrine\\Instantiator\\": "src/Doctrine/Instantiator/"
                }
            },
            "notification-url": "https://packagist.org/downloads/",
            "license": [
                "MIT"
            ],
            "authors": [
                {
                    "name": "Marco Pivetta",
                    "email": "ocramius@gmail.com",
                    "homepage": "https://ocramius.github.io/"
                }
            ],
            "description": "A small, lightweight utility to instantiate objects in PHP without invoking their constructors",
            "homepage": "https://www.doctrine-project.org/projects/instantiator.html",
            "keywords": [
                "constructor",
                "instantiate"
            ],
            "support": {
                "issues": "https://github.com/doctrine/instantiator/issues",
                "source": "https://github.com/doctrine/instantiator/tree/1.5.0"
            },
            "funding": [
                {
                    "url": "https://www.doctrine-project.org/sponsorship.html",
                    "type": "custom"
                },
                {
                    "url": "https://www.patreon.com/phpdoctrine",
                    "type": "patreon"
                },
                {
                    "url": "https://tidelift.com/funding/github/packagist/doctrine%2Finstantiator",
                    "type": "tidelift"
                }
            ],
            "time": "2022-12-30T00:15:36+00:00"
        }
    ]
}
